Microsoft Visual Studio Solution File, Format Version 12.00
# Visual Studio Version 17
VisualStudioVersion = 17.1.32228.430
MinimumVisualStudioVersion = 10.0.40219.1
Project("{9A19103F-16F7-4668-BE54-9A1E7A4F7556}") = "ThreadSafeRandomizer", "ThreadSafeRandomizer\ThreadSafeRandomizer.csproj", "{3BB254B4-CC11-4C29-8836-F59C752A9362}"
EndProject
Project("{9A19103F-16F7-4668-BE54-9A1E7A4F7556}") = "ThreadSafeRandomizer.Tests", "ThreadSafeRandomizer.Tests\ThreadSafeRandomizer.Tests.csproj", "{E4C139A2-160E-4609-B375-8FB378F7C226}"
EndProject
Project("{2150E333-8FDC-42A3-9474-1A3956D46DE8}") = "Solution Items", "Solution Items", "{B84D63AB-004D-4338-8E5F-3C4E45E2F512}"
	ProjectSection(SolutionItems) = preProject
		Directory.Build.props = Directory.Build.props
		Directory.Packages.props = Directory.Packages.props
		stylecop.json = stylecop.json
	EndProjectSection
EndProject
Project("{FAE04EC0-301F-11D3-BF4B-00C04F79EFBC}") = "ThreadSafeRandomizer.SourceGenerator", "ThreadSafeRandomizer.SourceGenerator\ThreadSafeRandomizer.SourceGenerator.csproj", "{C6436EE5-44E9-40FE-851E-664630D1CE86}"
EndProject
Project("{FAE04EC0-301F-11D3-BF4B-00C04F79EFBC}") = "ThreadSafeRandomizer.SourceGenerator.Tests", "ThreadSafeRandomizer.SourceGenerator.Tests\ThreadSafeRandomizer.SourceGenerator.Tests.csproj", "{08A611CF-B4D9-447C-9C0D-1F5346CF77B0}"
EndProject
Global
	GlobalSection(SolutionConfigurationPlatforms) = preSolution
		Debug|Any CPU = Debug|Any CPU
		Release|Any CPU = Release|Any CPU
	EndGlobalSection
	GlobalSection(ProjectConfigurationPlatforms) = postSolution
		{3BB254B4-CC11-4C29-8836-F59C752A9362}.Debug|Any CPU.ActiveCfg = Debug|Any CPU
		{3BB254B4-CC11-4C29-8836-F59C752A9362}.Debug|Any CPU.Build.0 = Debug|Any CPU
		{3BB254B4-CC11-4C29-8836-F59C752A9362}.Release|Any CPU.ActiveCfg = Release|Any CPU
		{3BB254B4-CC11-4C29-8836-F59C752A9362}.Release|Any CPU.Build.0 = Release|Any CPU
		{E4C139A2-160E-4609-B375-8FB378F7C226}.Debug|Any CPU.ActiveCfg = Debug|Any CPU
		{E4C139A2-160E-4609-B375-8FB378F7C226}.Debug|Any CPU.Build.0 = Debug|Any CPU
		{E4C139A2-160E-4609-B375-8FB378F7C226}.Release|Any CPU.ActiveCfg = Release|Any CPU
		{E4C139A2-160E-4609-B375-8FB378F7C226}.Release|Any CPU.Build.0 = Release|Any CPU
		{C6436EE5-44E9-40FE-851E-664630D1CE86}.Debug|Any CPU.ActiveCfg = Debug|Any CPU
		{C6436EE5-44E9-40FE-851E-664630D1CE86}.Debug|Any CPU.Build.0 = Debug|Any CPU
		{C6436EE5-44E9-40FE-851E-664630D1CE86}.Release|Any CPU.ActiveCfg = Release|Any CPU
		{C6436EE5-44E9-40FE-851E-664630D1CE86}.Release|Any CPU.Build.0 = Release|Any CPU
		{08A611CF-B4D9-447C-9C0D-1F5346CF77B0}.Debug|Any CPU.ActiveCfg = Debug|Any CPU
		{08A611CF-B4D9-447C-9C0D-1F5346CF77B0}.Debug|Any CPU.Build.0 = Debug|Any CPU
		{08A611CF-B4D9-447C-9C0D-1F5346CF77B0}.Release|Any CPU.ActiveCfg = Release|Any CPU
		{08A611CF-B4D9-447C-9C0D-1F5346CF77B0}.Release|Any CPU.Build.0 = Release|Any CPU
	EndGlobalSection
	GlobalSection(SolutionProperties) = preSolution
		HideSolutionNode = FALSE
	EndGlobalSection
	GlobalSection(ExtensibilityGlobals) = postSolution
		SolutionGuid = {71524637-2844-4459-BF5F-44FC9EB23F3E}
	EndGlobalSection
EndGlobal
